<?xml version="1.0" encoding="UTF-8" standalone="yes" ?>
<CodeBlocks_project_file>
	<FileVersion major="1" minor="6" />
	<Project>
		<Option title="nodachi2D" />
		<Option pch_mode="2" />
		<Option compiler="gcc" />
		<Build>
			<Target title="Debug">
				<Option output="bin/debug/nodachi2D" prefix_auto="1" extension_auto="1" />
				<Option object_output="obj/debug/" />
				<Option type="1" />
				<Option compiler="gcc" />
				<Compiler>
					<Add option="-g" />
					<Add option="-DSFML_DYNAMIC" />
				</Compiler>
				<Linker>
					<Add option="-lsfml-network" />
					<Add option="-lsfml-audio" />
					<Add option="-lsfml-graphics" />
					<Add option="-lsfml-window" />
					<Add option="-lsfml-system" />
				</Linker>
				<ExtraCommands>
					<Add before="cp data/* bin/debug/data/" />
					<Mode after="always" />
				</ExtraCommands>
			</Target>
			<Target title="Release">
				<Option output="bin/release/nodachi2D" prefix_auto="1" extension_auto="1" />
				<Option object_output="obj/release/" />
				<Option type="1" />
				<Option compiler="gcc" />
				<Compiler>
					<Add option="-O2" />
					<Add option="-DSFML_DYNAMIC" />
				</Compiler>
				<Linker>
					<Add option="-s" />
				</Linker>
			</Target>
		</Build>
		<Compiler>
			<Add option="-Wall" />
			<Add option="-fexceptions" />
			<Add directory="include" />
			<Add directory="../sfml/inc" />
		</Compiler>
		<Linker>
			<Add option="-lsfml-network" />
			<Add option="-lsfml-audio" />
			<Add option="-lsfml-graphics" />
			<Add option="-lsfml-window" />
			<Add option="-lsfml-system" />
			<Add directory="../work/sfml_1.6/lib" />
			<Add directory="../work/sfml_2.0/lib" />
		</Linker>
		<Unit filename="include/inputHandler.hpp" />
		<Unit filename="include/main.hpp" />
		<Unit filename="include/networkHandler.hpp" />
		<Unit filename="include/nodachi2D.hpp" />
		<Unit filename="include/objects/animation.hpp" />
		<Unit filename="include/objects/gameObjectManager.hpp" />
		<Unit filename="include/objects/object.hpp" />
		<Unit filename="include/objects/visualAppearance.hpp" />
		<Unit filename="include/toolBox.hpp" />
		<Unit filename="src/inputHandler.cpp" />
		<Unit filename="src/main.cpp" />
		<Unit filename="src/networkHandler.cpp" />
		<Unit filename="src/nodachi2D.cpp" />
		<Unit filename="src/objects/animation.cpp" />
		<Unit filename="src/objects/gameObjectManager.cpp" />
		<Unit filename="src/objects/object.cpp" />
		<Unit filename="src/objects/visualAppearance.cpp" />
		<Unit filename="src/toolBox.cpp" />
		<Extensions>
			<code_completion>
				<search_path add="./" />
			</code_completion>
			<debugger />
			<envvars />
		</Extensions>
	</Project>
</CodeBlocks_project_file>
